[[package]]
name = "prompt"
version = "0.4.1"
description = "Library for prompting input on the command line."
category = "main"
optional = false
python-versions = ">=3.3"

[metadata]
lock-version = "1.1"
python-versions = "^3.8"
content-hash = "0ef04e3af9941caa36faede0dbb4e6a1e3e147c99e049b586b570c495a294804"

[metadata.files]
prompt = []
